
Microsoft Visual Studio Solution File, Format Version 12.00
# Visual Studio Version 17
VisualStudioVersion = 17.9.34616.47
MinimumVisualStudioVersion = 10.0.40219.1
Project("{2150E333-8FDC-42A3-9474-1A3956D46DE8}") = "src", "src", "{7D012D9B-5BE2-4CA1-8D80-2E177113038C}"
EndProject
Project("{FAE04EC0-301F-11D3-BF4B-00C04F79EFBC}") = "TestExpoer.App", "src\TestExpoer.App\TestExpoer.App.csproj", "{2535CDA5-9470-45CC-ACC3-ADB22B49998F}"
EndProject
Global
	GlobalSection(SolutionConfigurationPlatforms) = preSolution
		Debug|Any CPU = Debug|Any CPU
		Release|Any CPU = Release|Any CPU
	EndGlobalSection
	GlobalSection(ProjectConfigurationPlatforms) = postSolution
		{2535CDA5-9470-45CC-ACC3-ADB22B49998F}.Debug|Any CPU.ActiveCfg = Debug|Any CPU
		{2535CDA5-9470-45CC-ACC3-ADB22B49998F}.Debug|Any CPU.Build.0 = Debug|Any CPU
		{2535CDA5-9470-45CC-ACC3-ADB22B49998F}.Release|Any CPU.ActiveCfg = Release|Any CPU
		{2535CDA5-9470-45CC-ACC3-ADB22B49998F}.Release|Any CPU.Build.0 = Release|Any CPU
	EndGlobalSection
	GlobalSection(SolutionProperties) = preSolution
		HideSolutionNode = FALSE
	EndGlobalSection
	GlobalSection(NestedProjects) = preSolution
		{2535CDA5-9470-45CC-ACC3-ADB22B49998F} = {7D012D9B-5BE2-4CA1-8D80-2E177113038C}
	EndGlobalSection
	GlobalSection(ExtensibilityGlobals) = postSolution
		SolutionGuid = {C531FAA9-99F7-465E-82A0-F5779DF68CFE}
	EndGlobalSection
EndGlobal
